
Microsoft Visual Studio Solution File, Format Version 12.00
# Visual Studio Version 17
VisualStudioVersion = 17.11.35219.272
MinimumVisualStudioVersion = 10.0.40219.1
Project("{9A19103F-16F7-4668-BE54-9A1E7A4F7556}") = "Jasmine.FastenerDepartment.Domain", "Jasmine.FastenerDepartment.DesktopApplication.Domain\Jasmine.FastenerDepartment.Domain.csproj", "{B09F8BA0-9994-45FC-A491-B60064E2B761}"
EndProject
Project("{9A19103F-16F7-4668-BE54-9A1E7A4F7556}") = "Jasmine.FastenerDepartment.EF", "Jasmine.FastenerDepartment.EF\Jasmine.FastenerDepartment.EF.csproj", "{A1D84A54-363C-4BE9-A0AD-E6C57CBDB019}"
EndProject
Project("{9A19103F-16F7-4668-BE54-9A1E7A4F7556}") = "Jasmine.FastenerDepartment.Application", "Jasmine.FastenerDepartment.Application\Jasmine.FastenerDepartment.Application.csproj", "{B0926380-45EB-4A53-AC5C-61AC2E9F5034}"
EndProject
Project("{9A19103F-16F7-4668-BE54-9A1E7A4F7556}") = "Jasmine.FastenerDepartment.Infrastructure", "Jasmine.FastenerDepartment.Infrastructure\Jasmine.FastenerDepartment.Infrastructure.csproj", "{2CF19E8A-6A79-4B5B-B1F8-10E1FC42595B}"
EndProject
Project("{9A19103F-16F7-4668-BE54-9A1E7A4F7556}") = "Jasmine.FastenerDepartment.ConsoleApplication", "Jasmine.FastenerDepartment.ConsoleApplication\Jasmine.FastenerDepartment.ConsoleApplication.csproj", "{581E4AA3-C496-4312-94F0-C062921B3AEF}"
EndProject
Project("{FAE04EC0-301F-11D3-BF4B-00C04F79EFBC}") = "Jasmine.FastenerDepartment.WebApi", "Jasmine.FastenerDepartment.WebApi\Jasmine.FastenerDepartment.WebApi.csproj", "{9E2D1B9B-25B3-4D4A-A274-DF1EF2A86BA8}"
EndProject
Project("{FAE04EC0-301F-11D3-BF4B-00C04F79EFBC}") = "Jasmine.FastenerDepartment.Documents", "Jasmine.FastenerDepartment.Documents\Jasmine.FastenerDepartment.Documents.csproj", "{2B35CA08-4794-46A5-B767-30845E63ED01}"
EndProject
Project("{2150E333-8FDC-42A3-9474-1A3956D46DE8}") = "Tests", "Tests", "{02EA681E-C7D8-13C7-8484-4AC65E1B71E8}"
EndProject
Project("{FAE04EC0-301F-11D3-BF4B-00C04F79EFBC}") = "Jasmine.FastenerDepartment.WebApi.Tests", "Jasmine.FastenerDepartment.WebApi.Tests\Jasmine.FastenerDepartment.WebApi.Tests.csproj", "{7BA1D3FF-01C6-490F-BB36-4C87DDBAA33C}"
EndProject
Project("{FAE04EC0-301F-11D3-BF4B-00C04F79EFBC}") = "Jasmine.FastenerDepartment.Domain.Tests", "Jasmine.FastenerDepartment.Domain.Tests\Jasmine.FastenerDepartment.Domain.Tests.csproj", "{B072713B-709B-4C59-A008-6505E13156BA}"
EndProject
Global
	GlobalSection(SolutionConfigurationPlatforms) = preSolution
		Debug|Any CPU = Debug|Any CPU
		Debug|ARM64 = Debug|ARM64
		Debug|x64 = Debug|x64
		Debug|x86 = Debug|x86
		Release|Any CPU = Release|Any CPU
		Release|ARM64 = Release|ARM64
		Release|x64 = Release|x64
		Release|x86 = Release|x86
	EndGlobalSection
	GlobalSection(ProjectConfigurationPlatforms) = postSolution
		{B09F8BA0-9994-45FC-A491-B60064E2B761}.Debug|Any CPU.ActiveCfg = Debug|Any CPU
		{B09F8BA0-9994-45FC-A491-B60064E2B761}.Debug|Any CPU.Build.0 = Debug|Any CPU
		{B09F8BA0-9994-45FC-A491-B60064E2B761}.Debug|ARM64.ActiveCfg = Debug|Any CPU
		{B09F8BA0-9994-45FC-A491-B60064E2B761}.Debug|ARM64.Build.0 = Debug|Any CPU
		{B09F8BA0-9994-45FC-A491-B60064E2B761}.Debug|x64.ActiveCfg = Debug|Any CPU
		{B09F8BA0-9994-45FC-A491-B60064E2B761}.Debug|x64.Build.0 = Debug|Any CPU
		{B09F8BA0-9994-45FC-A491-B60064E2B761}.Debug|x86.ActiveCfg = Debug|Any CPU
		{B09F8BA0-9994-45FC-A491-B60064E2B761}.Debug|x86.Build.0 = Debug|Any CPU
		{B09F8BA0-9994-45FC-A491-B60064E2B761}.Release|Any CPU.ActiveCfg = Release|Any CPU
		{B09F8BA0-9994-45FC-A491-B60064E2B761}.Release|Any CPU.Build.0 = Release|Any CPU
		{B09F8BA0-9994-45FC-A491-B60064E2B761}.Release|ARM64.ActiveCfg = Release|Any CPU
		{B09F8BA0-9994-45FC-A491-B60064E2B761}.Release|ARM64.Build.0 = Release|Any CPU
		{B09F8BA0-9994-45FC-A491-B60064E2B761}.Release|x64.ActiveCfg = Release|Any CPU
		{B09F8BA0-9994-45FC-A491-B60064E2B761}.Release|x64.Build.0 = Release|Any CPU
		{B09F8BA0-9994-45FC-A491-B60064E2B761}.Release|x86.ActiveCfg = Release|Any CPU
		{B09F8BA0-9994-45FC-A491-B60064E2B761}.Release|x86.Build.0 = Release|Any CPU
		{A1D84A54-363C-4BE9-A0AD-E6C57CBDB019}.Debug|Any CPU.ActiveCfg = Debug|Any CPU
		{A1D84A54-363C-4BE9-A0AD-E6C57CBDB019}.Debug|Any CPU.Build.0 = Debug|Any CPU
		{A1D84A54-363C-4BE9-A0AD-E6C57CBDB019}.Debug|ARM64.ActiveCfg = Debug|Any CPU
		{A1D84A54-363C-4BE9-A0AD-E6C57CBDB019}.Debug|ARM64.Build.0 = Debug|Any CPU
		{A1D84A54-363C-4BE9-A0AD-E6C57CBDB019}.Debug|x64.ActiveCfg = Debug|Any CPU
		{A1D84A54-363C-4BE9-A0AD-E6C57CBDB019}.Debug|x64.Build.0 = Debug|Any CPU
		{A1D84A54-363C-4BE9-A0AD-E6C57CBDB019}.Debug|x86.ActiveCfg = Debug|Any CPU
		{A1D84A54-363C-4BE9-A0AD-E6C57CBDB019}.Debug|x86.Build.0 = Debug|Any CPU
		{A1D84A54-363C-4BE9-A0AD-E6C57CBDB019}.Release|Any CPU.ActiveCfg = Release|Any CPU
		{A1D84A54-363C-4BE9-A0AD-E6C57CBDB019}.Release|Any CPU.Build.0 = Release|Any CPU
		{A1D84A54-363C-4BE9-A0AD-E6C57CBDB019}.Release|ARM64.ActiveCfg = Release|Any CPU
		{A1D84A54-363C-4BE9-A0AD-E6C57CBDB019}.Release|ARM64.Build.0 = Release|Any CPU
		{A1D84A54-363C-4BE9-A0AD-E6C57CBDB019}.Release|x64.ActiveCfg = Release|Any CPU
		{A1D84A54-363C-4BE9-A0AD-E6C57CBDB019}.Release|x64.Build.0 = Release|Any CPU
		{A1D84A54-363C-4BE9-A0AD-E6C57CBDB019}.Release|x86.ActiveCfg = Release|Any CPU
		{A1D84A54-363C-4BE9-A0AD-E6C57CBDB019}.Release|x86.Build.0 = Release|Any CPU
		{B0926380-45EB-4A53-AC5C-61AC2E9F5034}.Debug|Any CPU.ActiveCfg = Debug|Any CPU
		{B0926380-45EB-4A53-AC5C-61AC2E9F5034}.Debug|Any CPU.Build.0 = Debug|Any CPU
		{B0926380-45EB-4A53-AC5C-61AC2E9F5034}.Debug|ARM64.ActiveCfg = Debug|Any CPU
		{B0926380-45EB-4A53-AC5C-61AC2E9F5034}.Debug|ARM64.Build.0 = Debug|Any CPU
		{B0926380-45EB-4A53-AC5C-61AC2E9F5034}.Debug|x64.ActiveCfg = Debug|Any CPU
		{B0926380-45EB-4A53-AC5C-61AC2E9F5034}.Debug|x64.Build.0 = Debug|Any CPU
		{B0926380-45EB-4A53-AC5C-61AC2E9F5034}.Debug|x86.ActiveCfg = Debug|Any CPU
		{B0926380-45EB-4A53-AC5C-61AC2E9F5034}.Debug|x86.Build.0 = Debug|Any CPU
		{B0926380-45EB-4A53-AC5C-61AC2E9F5034}.Release|Any CPU.ActiveCfg = Release|Any CPU
		{B0926380-45EB-4A53-AC5C-61AC2E9F5034}.Release|Any CPU.Build.0 = Release|Any CPU
		{B0926380-45EB-4A53-AC5C-61AC2E9F5034}.Release|ARM64.ActiveCfg = Release|Any CPU
		{B0926380-45EB-4A53-AC5C-61AC2E9F5034}.Release|ARM64.Build.0 = Release|Any CPU
		{B0926380-45EB-4A53-AC5C-61AC2E9F5034}.Release|x64.ActiveCfg = Release|Any CPU
		{B0926380-45EB-4A53-AC5C-61AC2E9F5034}.Release|x64.Build.0 = Release|Any CPU
		{B0926380-45EB-4A53-AC5C-61AC2E9F5034}.Release|x86.ActiveCfg = Release|Any CPU
		{B0926380-45EB-4A53-AC5C-61AC2E9F5034}.Release|x86.Build.0 = Release|Any CPU
		{2CF19E8A-6A79-4B5B-B1F8-10E1FC42595B}.Debug|Any CPU.ActiveCfg = Debug|Any CPU
		{2CF19E8A-6A79-4B5B-B1F8-10E1FC42595B}.Debug|Any CPU.Build.0 = Debug|Any CPU
		{2CF19E8A-6A79-4B5B-B1F8-10E1FC42595B}.Debug|ARM64.ActiveCfg = Debug|Any CPU
		{2CF19E8A-6A79-4B5B-B1F8-10E1FC42595B}.Debug|ARM64.Build.0 = Debug|Any CPU
		{2CF19E8A-6A79-4B5B-B1F8-10E1FC42595B}.Debug|x64.ActiveCfg = Debug|Any CPU
		{2CF19E8A-6A79-4B5B-B1F8-10E1FC42595B}.Debug|x64.Build.0 = Debug|Any CPU
		{2CF19E8A-6A79-4B5B-B1F8-10E1FC42595B}.Debug|x86.ActiveCfg = Debug|Any CPU
		{2CF19E8A-6A79-4B5B-B1F8-10E1FC42595B}.Debug|x86.Build.0 = Debug|Any CPU
		{2CF19E8A-6A79-4B5B-B1F8-10E1FC42595B}.Release|Any CPU.ActiveCfg = Release|Any CPU
		{2CF19E8A-6A79-4B5B-B1F8-10E1FC42595B}.Release|Any CPU.Build.0 = Release|Any CPU
		{2CF19E8A-6A79-4B5B-B1F8-10E1FC42595B}.Release|ARM64.ActiveCfg = Release|Any CPU
		{2CF19E8A-6A79-4B5B-B1F8-10E1FC42595B}.Release|ARM64.Build.0 = Release|Any CPU
		{2CF19E8A-6A79-4B5B-B1F8-10E1FC42595B}.Release|x64.ActiveCfg = Release|Any CPU
		{2CF19E8A-6A79-4B5B-B1F8-10E1FC42595B}.Release|x64.Build.0 = Release|Any CPU
		{2CF19E8A-6A79-4B5B-B1F8-10E1FC42595B}.Release|x86.ActiveCfg = Release|Any CPU
		{2CF19E8A-6A79-4B5B-B1F8-10E1FC42595B}.Release|x86.Build.0 = Release|Any CPU
		{581E4AA3-C496-4312-94F0-C062921B3AEF}.Debug|Any CPU.ActiveCfg = Debug|Any CPU
		{581E4AA3-C496-4312-94F0-C062921B3AEF}.Debug|Any CPU.Build.0 = Debug|Any CPU
		{581E4AA3-C496-4312-94F0-C062921B3AEF}.Debug|ARM64.ActiveCfg = Debug|Any CPU
		{581E4AA3-C496-4312-94F0-C062921B3AEF}.Debug|ARM64.Build.0 = Debug|Any CPU
		{581E4AA3-C496-4312-94F0-C062921B3AEF}.Debug|x64.ActiveCfg = Debug|Any CPU
		{581E4AA3-C496-4312-94F0-C062921B3AEF}.Debug|x64.Build.0 = Debug|Any CPU
		{581E4AA3-C496-4312-94F0-C062921B3AEF}.Debug|x86.ActiveCfg = Debug|Any CPU
		{581E4AA3-C496-4312-94F0-C062921B3AEF}.Debug|x86.Build.0 = Debug|Any CPU
		{581E4AA3-C496-4312-94F0-C062921B3AEF}.Release|Any CPU.ActiveCfg = Release|Any CPU
		{581E4AA3-C496-4312-94F0-C062921B3AEF}.Release|Any CPU.Build.0 = Release|Any CPU
		{581E4AA3-C496-4312-94F0-C062921B3AEF}.Release|ARM64.ActiveCfg = Release|Any CPU
		{581E4AA3-C496-4312-94F0-C062921B3AEF}.Release|ARM64.Build.0 = Release|Any CPU
		{581E4AA3-C496-4312-94F0-C062921B3AEF}.Release|x64.ActiveCfg = Release|Any CPU
		{581E4AA3-C496-4312-94F0-C062921B3AEF}.Release|x64.Build.0 = Release|Any CPU
		{581E4AA3-C496-4312-94F0-C062921B3AEF}.Release|x86.ActiveCfg = Release|Any CPU
		{581E4AA3-C496-4312-94F0-C062921B3AEF}.Release|x86.Build.0 = Release|Any CPU
		{9E2D1B9B-25B3-4D4A-A274-DF1EF2A86BA8}.Debug|Any CPU.ActiveCfg = Debug|Any CPU
		{9E2D1B9B-25B3-4D4A-A274-DF1EF2A86BA8}.Debug|Any CPU.Build.0 = Debug|Any CPU
		{9E2D1B9B-25B3-4D4A-A274-DF1EF2A86BA8}.Debug|ARM64.ActiveCfg = Debug|Any CPU
		{9E2D1B9B-25B3-4D4A-A274-DF1EF2A86BA8}.Debug|ARM64.Build.0 = Debug|Any CPU
		{9E2D1B9B-25B3-4D4A-A274-DF1EF2A86BA8}.Debug|x64.ActiveCfg = Debug|Any CPU
		{9E2D1B9B-25B3-4D4A-A274-DF1EF2A86BA8}.Debug|x64.Build.0 = Debug|Any CPU
		{9E2D1B9B-25B3-4D4A-A274-DF1EF2A86BA8}.Debug|x86.ActiveCfg = Debug|Any CPU
		{9E2D1B9B-25B3-4D4A-A274-DF1EF2A86BA8}.Debug|x86.Build.0 = Debug|Any CPU
		{9E2D1B9B-25B3-4D4A-A274-DF1EF2A86BA8}.Release|Any CPU.ActiveCfg = Release|Any CPU
		{9E2D1B9B-25B3-4D4A-A274-DF1EF2A86BA8}.Release|Any CPU.Build.0 = Release|Any CPU
		{9E2D1B9B-25B3-4D4A-A274-DF1EF2A86BA8}.Release|ARM64.ActiveCfg = Release|Any CPU
		{9E2D1B9B-25B3-4D4A-A274-DF1EF2A86BA8}.Release|ARM64.Build.0 = Release|Any CPU
		{9E2D1B9B-25B3-4D4A-A274-DF1EF2A86BA8}.Release|x64.ActiveCfg = Release|Any CPU
		{9E2D1B9B-25B3-4D4A-A274-DF1EF2A86BA8}.Release|x64.Build.0 = Release|Any CPU
		{9E2D1B9B-25B3-4D4A-A274-DF1EF2A86BA8}.Release|x86.ActiveCfg = Release|Any CPU
		{9E2D1B9B-25B3-4D4A-A274-DF1EF2A86BA8}.Release|x86.Build.0 = Release|Any CPU
		{2B35CA08-4794-46A5-B767-30845E63ED01}.Debug|Any CPU.ActiveCfg = Debug|Any CPU
		{2B35CA08-4794-46A5-B767-30845E63ED01}.Debug|Any CPU.Build.0 = Debug|Any CPU
		{2B35CA08-4794-46A5-B767-30845E63ED01}.Debug|ARM64.ActiveCfg = Debug|Any CPU
		{2B35CA08-4794-46A5-B767-30845E63ED01}.Debug|ARM64.Build.0 = Debug|Any CPU
		{2B35CA08-4794-46A5-B767-30845E63ED01}.Debug|x64.ActiveCfg = Debug|Any CPU
		{2B35CA08-4794-46A5-B767-30845E63ED01}.Debug|x64.Build.0 = Debug|Any CPU
		{2B35CA08-4794-46A5-B767-30845E63ED01}.Debug|x86.ActiveCfg = Debug|Any CPU
		{2B35CA08-4794-46A5-B767-30845E63ED01}.Debug|x86.Build.0 = Debug|Any CPU
		{2B35CA08-4794-46A5-B767-30845E63ED01}.Release|Any CPU.ActiveCfg = Release|Any CPU
		{2B35CA08-4794-46A5-B767-30845E63ED01}.Release|Any CPU.Build.0 = Release|Any CPU
		{2B35CA08-4794-46A5-B767-30845E63ED01}.Release|ARM64.ActiveCfg = Release|Any CPU
		{2B35CA08-4794-46A5-B767-30845E63ED01}.Release|ARM64.Build.0 = Release|Any CPU
		{2B35CA08-4794-46A5-B767-30845E63ED01}.Release|x64.ActiveCfg = Release|Any CPU
		{2B35CA08-4794-46A5-B767-30845E63ED01}.Release|x64.Build.0 = Release|Any CPU
		{2B35CA08-4794-46A5-B767-30845E63ED01}.Release|x86.ActiveCfg = Release|Any CPU
		{2B35CA08-4794-46A5-B767-30845E63ED01}.Release|x86.Build.0 = Release|Any CPU
		{7BA1D3FF-01C6-490F-BB36-4C87DDBAA33C}.Debug|Any CPU.ActiveCfg = Debug|Any CPU
		{7BA1D3FF-01C6-490F-BB36-4C87DDBAA33C}.Debug|Any CPU.Build.0 = Debug|Any CPU
		{7BA1D3FF-01C6-490F-BB36-4C87DDBAA33C}.Debug|ARM64.ActiveCfg = Debug|Any CPU
		{7BA1D3FF-01C6-490F-BB36-4C87DDBAA33C}.Debug|ARM64.Build.0 = Debug|Any CPU
		{7BA1D3FF-01C6-490F-BB36-4C87DDBAA33C}.Debug|x64.ActiveCfg = Debug|Any CPU
		{7BA1D3FF-01C6-490F-BB36-4C87DDBAA33C}.Debug|x64.Build.0 = Debug|Any CPU
		{7BA1D3FF-01C6-490F-BB36-4C87DDBAA33C}.Debug|x86.ActiveCfg = Debug|Any CPU
		{7BA1D3FF-01C6-490F-BB36-4C87DDBAA33C}.Debug|x86.Build.0 = Debug|Any CPU
		{7BA1D3FF-01C6-490F-BB36-4C87DDBAA33C}.Release|Any CPU.ActiveCfg = Release|Any CPU
		{7BA1D3FF-01C6-490F-BB36-4C87DDBAA33C}.Release|Any CPU.Build.0 = Release|Any CPU
		{7BA1D3FF-01C6-490F-BB36-4C87DDBAA33C}.Release|ARM64.ActiveCfg = Release|Any CPU
		{7BA1D3FF-01C6-490F-BB36-4C87DDBAA33C}.Release|ARM64.Build.0 = Release|Any CPU
		{7BA1D3FF-01C6-490F-BB36-4C87DDBAA33C}.Release|x64.ActiveCfg = Release|Any CPU
		{7BA1D3FF-01C6-490F-BB36-4C87DDBAA33C}.Release|x64.Build.0 = Release|Any CPU
		{7BA1D3FF-01C6-490F-BB36-4C87DDBAA33C}.Release|x86.ActiveCfg = Release|Any CPU
		{7BA1D3FF-01C6-490F-BB36-4C87DDBAA33C}.Release|x86.Build.0 = Release|Any CPU
		{B072713B-709B-4C59-A008-6505E13156BA}.Debug|Any CPU.ActiveCfg = Debug|Any CPU
		{B072713B-709B-4C59-A008-6505E13156BA}.Debug|Any CPU.Build.0 = Debug|Any CPU
		{B072713B-709B-4C59-A008-6505E13156BA}.Debug|ARM64.ActiveCfg = Debug|Any CPU
		{B072713B-709B-4C59-A008-6505E13156BA}.Debug|ARM64.Build.0 = Debug|Any CPU
		{B072713B-709B-4C59-A008-6505E13156BA}.Debug|x64.ActiveCfg = Debug|Any CPU
		{B072713B-709B-4C59-A008-6505E13156BA}.Debug|x64.Build.0 = Debug|Any CPU
		{B072713B-709B-4C59-A008-6505E13156BA}.Debug|x86.ActiveCfg = Debug|Any CPU
		{B072713B-709B-4C59-A008-6505E13156BA}.Debug|x86.Build.0 = Debug|Any CPU
		{B072713B-709B-4C59-A008-6505E13156BA}.Release|Any CPU.ActiveCfg = Release|Any CPU
		{B072713B-709B-4C59-A008-6505E13156BA}.Release|Any CPU.Build.0 = Release|Any CPU
		{B072713B-709B-4C59-A008-6505E13156BA}.Release|ARM64.ActiveCfg = Release|Any CPU
		{B072713B-709B-4C59-A008-6505E13156BA}.Release|ARM64.Build.0 = Release|Any CPU
		{B072713B-709B-4C59-A008-6505E13156BA}.Release|x64.ActiveCfg = Release|Any CPU
		{B072713B-709B-4C59-A008-6505E13156BA}.Release|x64.Build.0 = Release|Any CPU
		{B072713B-709B-4C59-A008-6505E13156BA}.Release|x86.ActiveCfg = Release|Any CPU
		{B072713B-709B-4C59-A008-6505E13156BA}.Release|x86.Build.0 = Release|Any CPU
	EndGlobalSection
	GlobalSection(SolutionProperties) = preSolution
		HideSolutionNode = FALSE
	EndGlobalSection
	GlobalSection(NestedProjects) = preSolution
		{7BA1D3FF-01C6-490F-BB36-4C87DDBAA33C} = {02EA681E-C7D8-13C7-8484-4AC65E1B71E8}
		{B072713B-709B-4C59-A008-6505E13156BA} = {02EA681E-C7D8-13C7-8484-4AC65E1B71E8}
	EndGlobalSection
	GlobalSection(ExtensibilityGlobals) = postSolution
		SolutionGuid = {9AE4FC5E-A651-456D-ADBD-61035F35CFF7}
	EndGlobalSection
EndGlobal
